# This file is automatically @generated by Cargo.
# It is not intended for manual editing.
version = 3

[[package]]
name = "bitflags"
version = "2.3.1"
source = "registry+https://github.com/rust-lang/crates.io-index"
checksum = "6776fc96284a0bb647b615056fc496d1fe1644a7ab01829818a6d91cae888b84"

[[package]]
name = "bma432"
version = "0.1.0"
dependencies = [
 "bitflags",
 "embedded-hal-async",
]

[[package]]
name = "embedded-hal"
version = "1.0.0-alpha.10"
source = "registry+https://github.com/rust-lang/crates.io-index"
checksum = "f65c4d073f5d91c66e629b216818a4c9747eeda0debedf2deda9a0a947e4e93b"

[[package]]
name = "embedded-hal-async"
version = "0.2.0-alpha.1"
source = "registry+https://github.com/rust-lang/crates.io-index"
checksum = "8042370aa7af48de36d5312cda14c18ed8ca6b7ce64f5a07832fedc9dc83063f"
dependencies = [
 "embedded-hal",
]

[[package]]
name = "watchy-rs"
version = "0.1.0"
